
Microsoft Visual Studio Solution File, Format Version 12.00
# Visual Studio Version 17
VisualStudioVersion = 17.14.35806.103 d17.14
MinimumVisualStudioVersion = 10.0.40219.1
Project("{FAE04EC0-301F-11D3-BF4B-00C04F79EFBC}") = "ChatAppBackend", "ChatAppBackend\ChatAppBackend.csproj", "{1B9C5E53-9F5C-4E05-846F-8E124EA8CFD3}"
EndProject
Global
	GlobalSection(SolutionConfigurationPlatforms) = preSolution
		Debug|Any CPU = Debug|Any CPU
		Release|Any CPU = Release|Any CPU
	EndGlobalSection
	GlobalSection(ProjectConfigurationPlatforms) = postSolution
		{1B9C5E53-9F5C-4E05-846F-8E124EA8CFD3}.Debug|Any CPU.ActiveCfg = Debug|Any CPU
		{1B9C5E53-9F5C-4E05-846F-8E124EA8CFD3}.Debug|Any CPU.Build.0 = Debug|Any CPU
		{1B9C5E53-9F5C-4E05-846F-8E124EA8CFD3}.Release|Any CPU.ActiveCfg = Release|Any CPU
		{1B9C5E53-9F5C-4E05-846F-8E124EA8CFD3}.Release|Any CPU.Build.0 = Release|Any CPU
		{F7E8F8E1-0435-4EDE-814E-05189DD93C1E}.Debug|Any CPU.ActiveCfg = Debug|Any CPU
		{F7E8F8E1-0435-4EDE-814E-05189DD93C1E}.Debug|Any CPU.Build.0 = Debug|Any CPU
		{F7E8F8E1-0435-4EDE-814E-05189DD93C1E}.Release|Any CPU.ActiveCfg = Release|Any CPU
		{F7E8F8E1-0435-4EDE-814E-05189DD93C1E}.Release|Any CPU.Build.0 = Release|Any CPU
	EndGlobalSection
	GlobalSection(SolutionProperties) = preSolution
		HideSolutionNode = FALSE
	EndGlobalSection
	GlobalSection(ExtensibilityGlobals) = postSolution
		SolutionGuid = {1855F6A9-1181-449F-8408-0ADEF1ECF62D}
	EndGlobalSection
EndGlobal
